// !$*UTF8*$!
{
	archiveVersion = 1;
	classes = {
	};
	objectVersion = 50;
	objects = {

/* Begin PBXBuildFile section */
		35939A28256CD52A007A3D34 /* AppDelegate.swift in Sources */ = {isa = PBXBuildFile; fileRef = 35939A27256CD52A007A3D34 /* AppDelegate.swift */; };
		35939A2A256CD52A007A3D34 /* art.scnassets in Resources */ = {isa = PBXBuildFile; fileRef = 35939A29256CD52A007A3D34 /* art.scnassets */; };
		35939A2C256CD52A007A3D34 /* ViewController.swift in Sources */ = {isa = PBXBuildFile; fileRef = 35939A2B256CD52A007A3D34 /* ViewController.swift */; };
		35939A2F256CD52A007A3D34 /* Main.storyboard in Resources */ = {isa = PBXBuildFile; fileRef = 35939A2D256CD52A007A3D34 /* Main.storyboard */; };
		35939A31256CD52B007A3D34 /* Assets.xcassets in Resources */ = {isa = PBXBuildFile; fileRef = 35939A30256CD52B007A3D34 /* Assets.xcassets */; };
		35939A34256CD52B007A3D34 /* LaunchScreen.storyboard in Resources */ = {isa = PBXBuildFile; fileRef = 35939A32256CD52B007A3D34 /* LaunchScreen.storyboard */; };
		35939A3F256CD52C007A3D34 /* AR_ruler_sceneKitTests.swift in Sources */ = {isa = PBXBuildFile; fileRef = 35939A3E256CD52C007A3D34 /* AR_ruler_sceneKitTests.swift */; };
		35939A4A256CD52C007A3D34 /* AR_ruler_sceneKitUITests.swift in Sources */ = {isa = PBXBuildFile; fileRef = 35939A49256CD52C007A3D34 /* AR_ruler_sceneKitUITests.swift */; };
/* End PBXBuildFile section */

/* Begin PBXContainerItemProxy section */
		35939A3B256CD52C007A3D34 /* PBXContainerItemProxy */ = {
			isa = PBXContainerItemProxy;
			containerPortal = 35939A1C256CD52A007A3D34 /* Project object */;
			proxyType = 1;
			remoteGlobalIDString = 35939A23256CD52A007A3D34;
			remoteInfo = "AR ruler sceneKit";
		};
		35939A46256CD52C007A3D34 /* PBXContainerItemProxy */ = {
			isa = PBXContainerItemProxy;
			containerPortal = 35939A1C256CD52A007A3D34 /* Project object */;
			proxyType = 1;
			remoteGlobalIDString = 35939A23256CD52A007A3D34;
			remoteInfo = "AR ruler sceneKit";
		};
/* End PBXContainerItemProxy section */

/* Begin PBXFileReference section */
		35939A24256CD52A007A3D34 /* AR ruler sceneKit.app */ = {isa = PBXFileReference; explicitFileType = wrapper.application; includeInIndex = 0; path = "AR ruler sceneKit.app"; sourceTree = BUILT_PRODUCTS_DIR; };
		35939A27256CD52A007A3D34 /* AppDelegate.swift */ = {isa = PBXFileReference; lastKnownFileType = sourcecode.swift; path = AppDelegate.swift; sourceTree = "<group>"; };
		35939A29256CD52A007A3D34 /* art.scnassets */ = {isa = PBXFileReference; lastKnownFileType = wrapper.scnassets; path = art.scnassets; sourceTree = "<group>"; };
		35939A2B256CD52A007A3D34 /* ViewController.swift */ = {isa = PBXFileReference; lastKnownFileType = sourcecode.swift; path = ViewController.swift; sourceTree = "<group>"; };
		35939A2E256CD52A007A3D34 /* Base */ = {isa = PBXFileReference; lastKnownFileType = file.storyboard; name = Base; path = Base.lproj/Main.storyboard; sourceTree = "<group>"; };
		35939A30256CD52B007A3D34 /* Assets.xcassets */ = {isa = PBXFileReference; lastKnownFileType = folder.assetcatalog; path = Assets.xcassets; sourceTree = "<group>"; };
		35939A33256CD52B007A3D34 /* Base */ = {isa = PBXFileReference; lastKnownFileType = file.storyboard; name = Base; path = Base.lproj/LaunchScreen.storyboard; sourceTree = "<group>"; };
		35939A35256CD52B007A3D34 /* Info.plist */ = {isa = PBXFileReference; lastKnownFileType = text.plist.xml; path = Info.plist; sourceTree = "<group>"; };
		35939A3A256CD52C007A3D34 /* AR ruler sceneKitTests.xctest */ = {isa = PBXFileReference; explicitFileType = wrapper.cfbundle; includeInIndex = 0; path = "AR ruler sceneKitTests.xctest"; sourceTree = BUILT_PRODUCTS_DIR; };
		35939A3E256CD52C007A3D34 /* AR_ruler_sceneKitTests.swift */ = {isa = PBXFileReference; lastKnownFileType = sourcecode.swift; path = AR_ruler_sceneKitTests.swift; sourceTree = "<group>"; };
		35939A40256CD52C007A3D34 /* Info.plist */ = {isa = PBXFileReference; lastKnownFileType = text.plist.xml; path = Info.plist; sourceTree = "<group>"; };
		35939A45256CD52C007A3D34 /* AR ruler sceneKitUITests.xctest */ = {isa = PBXFileReference; explicitFileType = wrapper.cfbundle; includeInIndex = 0; path = "AR ruler sceneKitUITests.xctest"; sourceTree = BUILT_PRODUCTS_DIR; };
		35939A49256CD52C007A3D34 /* AR_ruler_sceneKitUITests.swift */ = {isa = PBXFileReference; lastKnownFileType = sourcecode.swift; path = AR_ruler_sceneKitUITests.swift; sourceTree = "<group>"; };
		35939A4B256CD52C007A3D34 /* Info.plist */ = {isa = PBXFileReference; lastKnownFileType = text.plist.xml; path = Info.plist; sourceTree = "<group>"; };
/* End PBXFileReference section */

/* Begin PBXFrameworksBuildPhase section */
		35939A21256CD52A007A3D34 /* Frameworks */ = {
			isa = PBXFrameworksBuildPhase;
			buildActionMask = 2147483647;
			files = (
			);
			runOnlyForDeploymentPostprocessing = 0;
		};
		35939A37256CD52C007A3D34 /* Frameworks */ = {
			isa = PBXFrameworksBuildPhase;
			buildActionMask = 2147483647;
			files = (
			);
			runOnlyForDeploymentPostprocessing = 0;
		};
		35939A42256CD52C007A3D34 /* Frameworks */ = {
			isa = PBXFrameworksBuildPhase;
			buildActionMask = 2147483647;
			files = (
			);
			runOnlyForDeploymentPostprocessing = 0;
		};
/* End PBXFrameworksBuildPhase section */

/* Begin PBXGroup section */
		35939A1B256CD52A007A3D34 = {
			isa = PBXGroup;
			children = (
				35939A26256CD52A007A3D34 /* AR ruler sceneKit */,
				35939A3D256CD52C007A3D34 /* AR ruler sceneKitTests */,
				35939A48256CD52C007A3D34 /* AR ruler sceneKitUITests */,
				35939A25256CD52A007A3D34 /* Products */,
			);
			sourceTree = "<group>";
		};
		35939A25256CD52A007A3D34 /* Products */ = {
			isa = PBXGroup;
			children = (
				35939A24256CD52A007A3D34 /* AR ruler sceneKit.app */,
				35939A3A256CD52C007A3D34 /* AR ruler sceneKitTests.xctest */,
				35939A45256CD52C007A3D34 /* AR ruler sceneKitUITests.xctest */,
			);
			name = Products;
			sourceTree = "<group>";
		};
		35939A26256CD52A007A3D34 /* AR ruler sceneKit */ = {
			isa = PBXGroup;
			children = (
				35939A27256CD52A007A3D34 /* AppDelegate.swift */,
				35939A29256CD52A007A3D34 /* art.scnassets */,
				35939A2B256CD52A007A3D34 /* ViewController.swift */,
				35939A2D256CD52A007A3D34 /* Main.storyboard */,
				35939A30256CD52B007A3D34 /* Assets.xcassets */,
				35939A32256CD52B007A3D34 /* LaunchScreen.storyboard */,
				35939A35256CD52B007A3D34 /* Info.plist */,
			);
			path = "AR ruler sceneKit";
			sourceTree = "<group>";
		};
		35939A3D256CD52C007A3D34 /* AR ruler sceneKitTests */ = {
			isa = PBXGroup;
			children = (
				35939A3E256CD52C007A3D34 /* AR_ruler_sceneKitTests.swift */,
				35939A40256CD52C007A3D34 /* Info.plist */,
			);
			path = "AR ruler sceneKitTests";
			sourceTree = "<group>";
		};
		35939A48256CD52C007A3D34 /* AR ruler sceneKitUITests */ = {
			isa = PBXGroup;
			children = (
				35939A49256CD52C007A3D34 /* AR_ruler_sceneKitUITests.swift */,
				35939A4B256CD52C007A3D34 /* Info.plist */,
			);
			path = "AR ruler sceneKitUITests";
			sourceTree = "<group>";
		};
/* End PBXGroup section */

/* Begin PBXNativeTarget section */
		35939A23256CD52A007A3D34 /* AR ruler sceneKit */ = {
			isa = PBXNativeTarget;
			buildConfigurationList = 35939A4E256CD52C007A3D34 /* Build configuration list for PBXNativeTarget "AR ruler sceneKit" */;
			buildPhases = (
				35939A20256CD52A007A3D34 /* Sources */,
				35939A21256CD52A007A3D34 /* Frameworks */,
				35939A22256CD52A007A3D34 /* Resources */,
			);
			buildRules = (
			);
			dependencies = (
			);
			name = "AR ruler sceneKit";
			productName = "AR ruler sceneKit";
			productReference = 35939A24256CD52A007A3D34 /* AR ruler sceneKit.app */;
			productType = "com.apple.product-type.application";
		};
		35939A39256CD52C007A3D34 /* AR ruler sceneKitTests */ = {
			isa = PBXNativeTarget;
			buildConfigurationList = 35939A51256CD52C007A3D34 /* Build configuration list for PBXNativeTarget "AR ruler sceneKitTests" */;
			buildPhases = (
				35939A36256CD52C007A3D34 /* Sources */,
				35939A37256CD52C007A3D34 /* Frameworks */,
				35939A38256CD52C007A3D34 /* Resources */,
			);
			buildRules = (
			);
			dependencies = (
				35939A3C256CD52C007A3D34 /* PBXTargetDependency */,
			);
			name = "AR ruler sceneKitTests";
			productName = "AR ruler sceneKitTests";
			productReference = 35939A3A256CD52C007A3D34 /* AR ruler sceneKitTests.xctest */;
			productType = "com.apple.product-type.bundle.unit-test";
		};
		35939A44256CD52C007A3D34 /* AR ruler sceneKitUITests */ = {
			isa = PBXNativeTarget;
			buildConfigurationList = 35939A54256CD52C007A3D34 /* Build configuration list for PBXNativeTarget "AR ruler sceneKitUITests" */;
			buildPhases = (
				35939A41256CD52C007A3D34 /* Sources */,
				35939A42256CD52C007A3D34 /* Frameworks */,
				35939A43256CD52C007A3D34 /* Resources */,
			);
			buildRules = (
			);
			dependencies = (
				35939A47256CD52C007A3D34 /* PBXTargetDependency */,
			);
			name = "AR ruler sceneKitUITests";
			productName = "AR ruler sceneKitUITests";
			productReference = 35939A45256CD52C007A3D34 /* AR ruler sceneKitUITests.xctest */;
			productType = "com.apple.product-type.bundle.ui-testing";
		};
/* End PBXNativeTarget section */

/* Begin PBXProject section */
		35939A1C256CD52A007A3D34 /* Project object */ = {
			isa = PBXProject;
			attributes = {
				LastSwiftUpdateCheck = 1220;
				LastUpgradeCheck = 1220;
				TargetAttributes = {
					35939A23256CD52A007A3D34 = {
						CreatedOnToolsVersion = 12.2;
					};
					35939A39256CD52C007A3D34 = {
						CreatedOnToolsVersion = 12.2;
						TestTargetID = 35939A23256CD52A007A3D34;
					};
					35939A44256CD52C007A3D34 = {
						CreatedOnToolsVersion = 12.2;
						TestTargetID = 35939A23256CD52A007A3D34;
					};
				};
			};
			buildConfigurationList = 35939A1F256CD52A007A3D34 /* Build configuration list for PBXProject "AR ruler sceneKit" */;
			compatibilityVersion = "Xcode 9.3";
			developmentRegion = en;
			hasScannedForEncodings = 0;
			knownRegions = (
				en,
				Base,
			);
			mainGroup = 35939A1B256CD52A007A3D34;
			productRefGroup = 35939A25256CD52A007A3D34 /* Products */;
			projectDirPath = "";
			projectRoot = "";
			targets = (
				35939A23256CD52A007A3D34 /* AR ruler sceneKit */,
				35939A39256CD52C007A3D34 /* AR ruler sceneKitTests */,
				35939A44256CD52C007A3D34 /* AR ruler sceneKitUITests */,
			);
		};
/* End PBXProject section */

/* Begin PBXResourcesBuildPhase section */
		35939A22256CD52A007A3D34 /* Resources */ = {
			isa = PBXResourcesBuildPhase;
			buildActionMask = 2147483647;
			files = (
				35939A2A256CD52A007A3D34 /* art.scnassets in Resources */,
				35939A34256CD52B007A3D34 /* LaunchScreen.storyboard in Resources */,
				35939A31256CD52B007A3D34 /* Assets.xcassets in Resources */,
				35939A2F256CD52A007A3D34 /* Main.storyboard in Resources */,
			);
			runOnlyForDeploymentPostprocessing = 0;
		};
		35939A38256CD52C007A3D34 /* Resources */ = {
			isa = PBXResourcesBuildPhase;
			buildActionMask = 2147483647;
			files = (
			);
			runOnlyForDeploymentPostprocessing = 0;
		};
		35939A43256CD52C007A3D34 /* Resources */ = {
			isa = PBXResourcesBuildPhase;
			buildActionMask = 2147483647;
			files = (
			);
			runOnlyForDeploymentPostprocessing = 0;
		};
/* End PBXResourcesBuildPhase section */

/* Begin PBXSourcesBuildPhase section */
		35939A20256CD52A007A3D34 /* Sources */ = {
			isa = PBXSourcesBuildPhase;
			buildActionMask = 2147483647;
			files = (
				35939A2C256CD52A007A3D34 /* ViewController.swift in Sources */,
				35939A28256CD52A007A3D34 /* AppDelegate.swift in Sources */,
			);
			runOnlyForDeploymentPostprocessing = 0;
		};
		35939A36256CD52C007A3D34 /* Sources */ = {
			isa = PBXSourcesBuildPhase;
			buildActionMask = 2147483647;
			files = (
				35939A3F256CD52C007A3D34 /* AR_ruler_sceneKitTests.swift in Sources */,
			);
			runOnlyForDeploymentPostprocessing = 0;
		};
		35939A41256CD52C007A3D34 /* Sources */ = {
			isa = PBXSourcesBuildPhase;
			buildActionMask = 2147483647;
			files = (
				35939A4A256CD52C007A3D34 /* AR_ruler_sceneKitUITests.swift in Sources */,
			);
			runOnlyForDeploymentPostprocessing = 0;
		};
/* End PBXSourcesBuildPhase section */

/* Begin PBXTargetDependency section */
		35939A3C256CD52C007A3D34 /* PBXTargetDependency */ = {
			isa = PBXTargetDependency;
			target = 35939A23256CD52A007A3D34 /* AR ruler sceneKit */;
			targetProxy = 35939A3B256CD52C007A3D34 /* PBXContainerItemProxy */;
		};
		35939A47256CD52C007A3D34 /* PBXTargetDependency */ = {
			isa = PBXTargetDependency;
			target = 35939A23256CD52A007A3D34 /* AR ruler sceneKit */;
			targetProxy = 35939A46256CD52C007A3D34 /* PBXContainerItemProxy */;
		};
/* End PBXTargetDependency section */

/* Begin PBXVariantGroup section */
		35939A2D256CD52A007A3D34 /* Main.storyboard */ = {
			isa = PBXVariantGroup;
			children = (
				35939A2E256CD52A007A3D34 /* Base */,
			);
			name = Main.storyboard;
			sourceTree = "<group>";
		};
		35939A32256CD52B007A3D34 /* LaunchScreen.storyboard */ = {
			isa = PBXVariantGroup;
			children = (
				35939A33256CD52B007A3D34 /* Base */,
			);
			name = LaunchScreen.storyboard;
			sourceTree = "<group>";
		};
/* End PBXVariantGroup section */

/* Begin XCBuildConfiguration section */
		35939A4C256CD52C007A3D34 /* Debug */ = {
			isa = XCBuildConfiguration;
			buildSettings = {
				ALWAYS_SEARCH_USER_PATHS = NO;
				CLANG_ANALYZER_NONNULL = YES;
				CLANG_ANALYZER_NUMBER_OBJECT_CONVERSION = YES_AGGRESSIVE;
				CLANG_CXX_LANGUAGE_STANDARD = "gnu++14";
				CLANG_CXX_LIBRARY = "libc++";
				CLANG_ENABLE_MODULES = YES;
				CLANG_ENABLE_OBJC_ARC = YES;
				CLANG_ENABLE_OBJC_WEAK = YES;
				CLANG_WARN_BLOCK_CAPTURE_AUTORELEASING = YES;
				CLANG_WARN_BOOL_CONVERSION = YES;
				CLANG_WARN_COMMA = YES;
				CLANG_WARN_CONSTANT_CONVERSION = YES;
				CLANG_WARN_DEPRECATED_OBJC_IMPLEMENTATIONS = YES;
				CLANG_WARN_DIRECT_OBJC_ISA_USAGE = YES_ERROR;
				CLANG_WARN_DOCUMENTATION_COMMENTS = YES;
				CLANG_WARN_EMPTY_BODY = YES;
				CLANG_WARN_ENUM_CONVERSION = YES;
				CLANG_WARN_INFINITE_RECURSION = YES;
				CLANG_WARN_INT_CONVERSION = YES;
				CLANG_WARN_NON_LITERAL_NULL_CONVERSION = YES;
				CLANG_WARN_OBJC_IMPLICIT_RETAIN_SELF = YES;
				CLANG_WARN_OBJC_LITERAL_CONVERSION = YES;
				CLANG_WARN_OBJC_ROOT_CLASS = YES_ERROR;
				CLANG_WARN_QUOTED_INCLUDE_IN_FRAMEWORK_HEADER = YES;
				CLANG_WARN_RANGE_LOOP_ANALYSIS = YES;
				CLANG_WARN_STRICT_PROTOTYPES = YES;
				CLANG_WARN_SUSPICIOUS_MOVE = YES;
				CLANG_WARN_UNGUARDED_AVAILABILITY = YES_AGGRESSIVE;
				CLANG_WARN_UNREACHABLE_CODE = YES;
				CLANG_WARN__DUPLICATE_METHOD_MATCH = YES;
				COPY_PHASE_STRIP = NO;
				DEBUG_INFORMATION_FORMAT = dwarf;
				ENABLE_STRICT_OBJC_MSGSEND = YES;
				ENABLE_TESTABILITY = YES;
				GCC_C_LANGUAGE_STANDARD = gnu11;
				GCC_DYNAMIC_NO_PIC = NO;
				GCC_NO_COMMON_BLOCKS = YES;
				GCC_OPTIMIZATION_LEVEL = 0;
				GCC_PREPROCESSOR_DEFINITIONS = (
					"DEBUG=1",
					"$(inherited)",
				);
				GCC_WARN_64_TO_32_BIT_CONVERSION = YES;
				GCC_WARN_ABOUT_RETURN_TYPE = YES_ERROR;
				GCC_WARN_UNDECLARED_SELECTOR = YES;
				GCC_WARN_UNINITIALIZED_AUTOS = YES_AGGRESSIVE;
				GCC_WARN_UNUSED_FUNCTION = YES;
				GCC_WARN_UNUSED_VARIABLE = YES;
				IPHONEOS_DEPLOYMENT_TARGET = 14.2;
				MTL_ENABLE_DEBUG_INFO = INCLUDE_SOURCE;
				MTL_FAST_MATH = YES;
				ONLY_ACTIVE_ARCH = YES;
				SDKROOT = iphoneos;
				SWIFT_ACTIVE_COMPILATION_CONDITIONS = DEBUG;
				SWIFT_OPTIMIZATION_LEVEL = "-Onone";
			};
			name = Debug;
		};
		35939A4D256CD52C007A3D34 /* Release */ = {
			isa = XCBuildConfiguration;
			buildSettings = {
				ALWAYS_SEARCH_USER_PATHS = NO;
				CLANG_ANALYZER_NONNULL = YES;
				CLANG_ANALYZER_NUMBER_OBJECT_CONVERSION = YES_AGGRESSIVE;
				CLANG_CXX_LANGUAGE_STANDARD = "gnu++14";
				CLANG_CXX_LIBRARY = "libc++";
				CLANG_ENABLE_MODULES = YES;
				CLANG_ENABLE_OBJC_ARC = YES;
				CLANG_ENABLE_OBJC_WEAK = YES;
				CLANG_WARN_BLOCK_CAPTURE_AUTORELEASING = YES;
				CLANG_WARN_BOOL_CONVERSION = YES;
				CLANG_WARN_COMMA = YES;
				CLANG_WARN_CONSTANT_CONVERSION = YES;
				CLANG_WARN_DEPRECATED_OBJC_IMPLEMENTATIONS = YES;
				CLANG_WARN_DIRECT_OBJC_ISA_USAGE = YES_ERROR;
				CLANG_WARN_DOCUMENTATION_COMMENTS = YES;
				CLANG_WARN_EMPTY_BODY = YES;
				CLANG_WARN_ENUM_CONVERSION = YES;
				CLANG_WARN_INFINITE_RECURSION = YES;
				CLANG_WARN_INT_CONVERSION = YES;
				CLANG_WARN_NON_LITERAL_NULL_CONVERSION = YES;
				CLANG_WARN_OBJC_IMPLICIT_RETAIN_SELF = YES;
				CLANG_WARN_OBJC_LITERAL_CONVERSION = YES;
				CLANG_WARN_OBJC_ROOT_CLASS = YES_ERROR;
				CLANG_WARN_QUOTED_INCLUDE_IN_FRAMEWORK_HEADER = YES;
				CLANG_WARN_RANGE_LOOP_ANALYSIS = YES;
				CLANG_WARN_STRICT_PROTOTYPES = YES;
				CLANG_WARN_SUSPICIOUS_MOVE = YES;
				CLANG_WARN_UNGUARDED_AVAILABILITY = YES_AGGRESSIVE;
				CLANG_WARN_UNREACHABLE_CODE = YES;
				CLANG_WARN__DUPLICATE_METHOD_MATCH = YES;
				COPY_PHASE_STRIP = NO;
				DEBUG_INFORMATION_FORMAT = "dwarf-with-dsym";
				ENABLE_NS_ASSERTIONS = NO;
				ENABLE_STRICT_OBJC_MSGSEND = YES;
				GCC_C_LANGUAGE_STANDARD = gnu11;
				GCC_NO_COMMON_BLOCKS = YES;
				GCC_WARN_64_TO_32_BIT_CONVERSION = YES;
				GCC_WARN_ABOUT_RETURN_TYPE = YES_ERROR;
				GCC_WARN_UNDECLARED_SELECTOR = YES;
				GCC_WARN_UNINITIALIZED_AUTOS = YES_AGGRESSIVE;
				GCC_WARN_UNUSED_FUNCTION = YES;
				GCC_WARN_UNUSED_VARIABLE = YES;
				IPHONEOS_DEPLOYMENT_TARGET = 14.2;
				MTL_ENABLE_DEBUG_INFO = NO;
				MTL_FAST_MATH = YES;
				SDKROOT = iphoneos;
				SWIFT_COMPILATION_MODE = wholemodule;
				SWIFT_OPTIMIZATION_LEVEL = "-O";
				VALIDATE_PRODUCT = YES;
			};
			name = Release;
		};
		35939A4F256CD52C007A3D34 /* Debug */ = {
			isa = XCBuildConfiguration;
			buildSettings = {
				ASSETCATALOG_COMPILER_APPICON_NAME = AppIcon;
				ASSETCATALOG_COMPILER_GLOBAL_ACCENT_COLOR_NAME = AccentColor;
				CODE_SIGN_STYLE = Automatic;
				DEVELOPMENT_TEAM = L9XW6Z56T2;
				INFOPLIST_FILE = "AR ruler sceneKit/Info.plist";
				LD_RUNPATH_SEARCH_PATHS = (
					"$(inherited)",
					"@executable_path/Frameworks",
				);
				PRODUCT_BUNDLE_IDENTIFIER = "UWB.AR-ruler-sceneKit";
				PRODUCT_NAME = "$(TARGET_NAME)";
				SWIFT_VERSION = 5.0;
				TARGETED_DEVICE_FAMILY = "1,2";
			};
			name = Debug;
		};
		35939A50256CD52C007A3D34 /* Release */ = {
			isa = XCBuildConfiguration;
			buildSettings = {
				ASSETCATALOG_COMPILER_APPICON_NAME = AppIcon;
				ASSETCATALOG_COMPILER_GLOBAL_ACCENT_COLOR_NAME = AccentColor;
				CODE_SIGN_STYLE = Automatic;
				DEVELOPMENT_TEAM = L9XW6Z56T2;
				INFOPLIST_FILE = "AR ruler sceneKit/Info.plist";
				LD_RUNPATH_SEARCH_PATHS = (
					"$(inherited)",
					"@executable_path/Frameworks",
				);
				PRODUCT_BUNDLE_IDENTIFIER = "UWB.AR-ruler-sceneKit";
				PRODUCT_NAME = "$(TARGET_NAME)";
				SWIFT_VERSION = 5.0;
				TARGETED_DEVICE_FAMILY = "1,2";
			};
			name = Release;
		};
		35939A52256CD52C007A3D34 /* Debug */ = {
			isa = XCBuildConfiguration;
			buildSettings = {
				ALWAYS_EMBED_SWIFT_STANDARD_LIBRARIES = YES;
				BUNDLE_LOADER = "$(TEST_HOST)";
				CODE_SIGN_STYLE = Automatic;
				DEVELOPMENT_TEAM = L9XW6Z56T2;
				INFOPLIST_FILE = "AR ruler sceneKitTests/Info.plist";
				IPHONEOS_DEPLOYMENT_TARGET = 14.2;
				LD_RUNPATH_SEARCH_PATHS = (
					"$(inherited)",
					"@executable_path/Frameworks",
					"@loader_path/Frameworks",
				);
				PRODUCT_BUNDLE_IDENTIFIER = "UWB.AR-ruler-sceneKitTests";
				PRODUCT_NAME = "$(TARGET_NAME)";
				SWIFT_VERSION = 5.0;
				TARGETED_DEVICE_FAMILY = "1,2";
				TEST_HOST = "$(BUILT_PRODUCTS_DIR)/AR ruler sceneKit.app/AR ruler sceneKit";
			};
			name = Debug;
		};
		35939A53256CD52C007A3D34 /* Release */ = {
			isa = XCBuildConfiguration;
			buildSettings = {
				ALWAYS_EMBED_SWIFT_STANDARD_LIBRARIES = YES;
				BUNDLE_LOADER = "$(TEST_HOST)";
				CODE_SIGN_STYLE = Automatic;
				DEVELOPMENT_TEAM = L9XW6Z56T2;
				INFOPLIST_FILE = "AR ruler sceneKitTests/Info.plist";
				IPHONEOS_DEPLOYMENT_TARGET = 14.2;
				LD_RUNPATH_SEARCH_PATHS = (
					"$(inherited)",
					"@executable_path/Frameworks",
					"@loader_path/Frameworks",
				);
				PRODUCT_BUNDLE_IDENTIFIER = "UWB.AR-ruler-sceneKitTests";
				PRODUCT_NAME = "$(TARGET_NAME)";
				SWIFT_VERSION = 5.0;
				TARGETED_DEVICE_FAMILY = "1,2";
				TEST_HOST = "$(BUILT_PRODUCTS_DIR)/AR ruler sceneKit.app/AR ruler sceneKit";
			};
			name = Release;
		};
		35939A55256CD52C007A3D34 /* Debug */ = {
			isa = XCBuildConfiguration;
			buildSettings = {
				ALWAYS_EMBED_SWIFT_STANDARD_LIBRARIES = YES;
				CODE_SIGN_STYLE = Automatic;
				DEVELOPMENT_TEAM = L9XW6Z56T2;
				INFOPLIST_FILE = "AR ruler sceneKitUITests/Info.plist";
				LD_RUNPATH_SEARCH_PATHS = (
					"$(inherited)",
					"@executable_path/Frameworks",
					"@loader_path/Frameworks",
				);
				PRODUCT_BUNDLE_IDENTIFIER = "UWB.AR-ruler-sceneKitUITests";
				PRODUCT_NAME = "$(TARGET_NAME)";
				SWIFT_VERSION = 5.0;
				TARGETED_DEVICE_FAMILY = "1,2";
				TEST_TARGET_NAME = "AR ruler sceneKit";
			};
			name = Debug;
		};
		35939A56256CD52C007A3D34 /* Release */ = {
			isa = XCBuildConfiguration;
			buildSettings = {
				ALWAYS_EMBED_SWIFT_STANDARD_LIBRARIES = YES;
				CODE_SIGN_STYLE = Automatic;
				DEVELOPMENT_TEAM = L9XW6Z56T2;
				INFOPLIST_FILE = "AR ruler sceneKitUITests/Info.plist";
				LD_RUNPATH_SEARCH_PATHS = (
					"$(inherited)",
					"@executable_path/Frameworks",
					"@loader_path/Frameworks",
				);
				PRODUCT_BUNDLE_IDENTIFIER = "UWB.AR-ruler-sceneKitUITests";
				PRODUCT_NAME = "$(TARGET_NAME)";
				SWIFT_VERSION = 5.0;
				TARGETED_DEVICE_FAMILY = "1,2";
				TEST_TARGET_NAME = "AR ruler sceneKit";
			};
			name = Release;
		};
/* End XCBuildConfiguration section */

/* Begin XCConfigurationList section */
		35939A1F256CD52A007A3D34 /* Build configuration list for PBXProject "AR ruler sceneKit" */ = {
			isa = XCConfigurationList;
			buildConfigurations = (
				35939A4C256CD52C007A3D34 /* Debug */,
				35939A4D256CD52C007A3D34 /* Release */,
			);
			defaultConfigurationIsVisible = 0;
			defaultConfigurationName = Release;
		};
		35939A4E256CD52C007A3D34 /* Build configuration list for PBXNativeTarget "AR ruler sceneKit" */ = {
			isa = XCConfigurationList;
			buildConfigurations = (
				35939A4F256CD52C007A3D34 /* Debug */,
				35939A50256CD52C007A3D34 /* Release */,
			);
			defaultConfigurationIsVisible = 0;
			defaultConfigurationName = Release;
		};
		35939A51256CD52C007A3D34 /* Build configuration list for PBXNativeTarget "AR ruler sceneKitTests" */ = {
			isa = XCConfigurationList;
			buildConfigurations = (
				35939A52256CD52C007A3D34 /* Debug */,
				35939A53256CD52C007A3D34 /* Release */,
			);
			defaultConfigurationIsVisible = 0;
			defaultConfigurationName = Release;
		};
		35939A54256CD52C007A3D34 /* Build configuration list for PBXNativeTarget "AR ruler sceneKitUITests" */ = {
			isa = XCConfigurationList;
			buildConfigurations = (
				35939A55256CD52C007A3D34 /* Debug */,
				35939A56256CD52C007A3D34 /* Release */,
			);
			defaultConfigurationIsVisible = 0;
			defaultConfigurationName = Release;
		};
/* End XCConfigurationList section */
	};
	rootObject = 35939A1C256CD52A007A3D34 /* Project object */;
}
